{
  "name": "quotamonitor",
  "version": "0.1.0",
  "lockfileVersion": 3,
  "requires": true,
  "packages": {
    "": {
      "name": "quotamonitor",
      "version": "0.1.0",
      "license": "MIT",
      "os": [
        "darwin"
      ],
      "bin": {
        "quotamonitor": "bin/quotamonitor.js"
      },
      "engines": {
        "node": ">=20.17.0"
      }
    }
  }
}
